
Microsoft Visual Studio Solution File, Format Version 12.00
# Visual Studio Version 17
VisualStudioVersion = 17.13.35825.156 d17.13
MinimumVisualStudioVersion = 10.0.40219.1
Project("{FAE04EC0-301F-11D3-BF4B-00C04F79EFBC}") = "Baitap10-QuickSort", "Baitap10-QuickSort\Baitap10-QuickSort.csproj", "{96DF011A-E120-41E6-BDA9-44CC485814FC}"
EndProject
Global
	GlobalSection(SolutionConfigurationPlatforms) = preSolution
		Debug|Any CPU = Debug|Any CPU
		Release|Any CPU = Release|Any CPU
	EndGlobalSection
	GlobalSection(ProjectConfigurationPlatforms) = postSolution
		{96DF011A-E120-41E6-BDA9-44CC485814FC}.Debug|Any CPU.ActiveCfg = Debug|Any CPU
		{96DF011A-E120-41E6-BDA9-44CC485814FC}.Debug|Any CPU.Build.0 = Debug|Any CPU
		{96DF011A-E120-41E6-BDA9-44CC485814FC}.Release|Any CPU.ActiveCfg = Release|Any CPU
		{96DF011A-E120-41E6-BDA9-44CC485814FC}.Release|Any CPU.Build.0 = Release|Any CPU
	EndGlobalSection
	GlobalSection(SolutionProperties) = preSolution
		HideSolutionNode = FALSE
	EndGlobalSection
	GlobalSection(ExtensibilityGlobals) = postSolution
		SolutionGuid = {E81C6A7A-B5CF-4B52-89C3-D7FF430CB941}
	EndGlobalSection
EndGlobal
